
Microsoft Visual Studio Solution File, Format Version 12.00
# Visual Studio Version 16
VisualStudioVersion = 16.0.30114.105
MinimumVisualStudioVersion = 10.0.40219.1
Project("{FAE04EC0-301F-11D3-BF4B-00C04F79EFBC}") = "API", "API\API.csproj", "{387A473D-7312-4C0F-B900-EC5EE5C21085}"
EndProject
Project("{FAE04EC0-301F-11D3-BF4B-00C04F79EFBC}") = "Core", "Core\Core.csproj", "{B1E3B622-D0D5-41E7-9528-E970E7CBCB5F}"
EndProject
Project("{FAE04EC0-301F-11D3-BF4B-00C04F79EFBC}") = "Infrastructure", "Infrastructure\Infrastructure.csproj", "{DC1E1AE5-3E3A-4923-8BCA-4674AC10CE62}"
EndProject
Global
	GlobalSection(SolutionConfigurationPlatforms) = preSolution
		Debug|Any CPU = Debug|Any CPU
		Debug|x64 = Debug|x64
		Debug|x86 = Debug|x86
		Release|Any CPU = Release|Any CPU
		Release|x64 = Release|x64
		Release|x86 = Release|x86
	EndGlobalSection
	GlobalSection(SolutionProperties) = preSolution
		HideSolutionNode = FALSE
	EndGlobalSection
	GlobalSection(ProjectConfigurationPlatforms) = postSolution
		{387A473D-7312-4C0F-B900-EC5EE5C21085}.Debug|Any CPU.ActiveCfg = Debug|Any CPU
		{387A473D-7312-4C0F-B900-EC5EE5C21085}.Debug|Any CPU.Build.0 = Debug|Any CPU
		{387A473D-7312-4C0F-B900-EC5EE5C21085}.Debug|x64.ActiveCfg = Debug|Any CPU
		{387A473D-7312-4C0F-B900-EC5EE5C21085}.Debug|x64.Build.0 = Debug|Any CPU
		{387A473D-7312-4C0F-B900-EC5EE5C21085}.Debug|x86.ActiveCfg = Debug|Any CPU
		{387A473D-7312-4C0F-B900-EC5EE5C21085}.Debug|x86.Build.0 = Debug|Any CPU
		{387A473D-7312-4C0F-B900-EC5EE5C21085}.Release|Any CPU.ActiveCfg = Release|Any CPU
		{387A473D-7312-4C0F-B900-EC5EE5C21085}.Release|Any CPU.Build.0 = Release|Any CPU
		{387A473D-7312-4C0F-B900-EC5EE5C21085}.Release|x64.ActiveCfg = Release|Any CPU
		{387A473D-7312-4C0F-B900-EC5EE5C21085}.Release|x64.Build.0 = Release|Any CPU
		{387A473D-7312-4C0F-B900-EC5EE5C21085}.Release|x86.ActiveCfg = Release|Any CPU
		{387A473D-7312-4C0F-B900-EC5EE5C21085}.Release|x86.Build.0 = Release|Any CPU
		{B1E3B622-D0D5-41E7-9528-E970E7CBCB5F}.Debug|Any CPU.ActiveCfg = Debug|Any CPU
		{B1E3B622-D0D5-41E7-9528-E970E7CBCB5F}.Debug|Any CPU.Build.0 = Debug|Any CPU
		{B1E3B622-D0D5-41E7-9528-E970E7CBCB5F}.Debug|x64.ActiveCfg = Debug|Any CPU
		{B1E3B622-D0D5-41E7-9528-E970E7CBCB5F}.Debug|x64.Build.0 = Debug|Any CPU
		{B1E3B622-D0D5-41E7-9528-E970E7CBCB5F}.Debug|x86.ActiveCfg = Debug|Any CPU
		{B1E3B622-D0D5-41E7-9528-E970E7CBCB5F}.Debug|x86.Build.0 = Debug|Any CPU
		{B1E3B622-D0D5-41E7-9528-E970E7CBCB5F}.Release|Any CPU.ActiveCfg = Release|Any CPU
		{B1E3B622-D0D5-41E7-9528-E970E7CBCB5F}.Release|Any CPU.Build.0 = Release|Any CPU
		{B1E3B622-D0D5-41E7-9528-E970E7CBCB5F}.Release|x64.ActiveCfg = Release|Any CPU
		{B1E3B622-D0D5-41E7-9528-E970E7CBCB5F}.Release|x64.Build.0 = Release|Any CPU
		{B1E3B622-D0D5-41E7-9528-E970E7CBCB5F}.Release|x86.ActiveCfg = Release|Any CPU
		{B1E3B622-D0D5-41E7-9528-E970E7CBCB5F}.Release|x86.Build.0 = Release|Any CPU
		{DC1E1AE5-3E3A-4923-8BCA-4674AC10CE62}.Debug|Any CPU.ActiveCfg = Debug|Any CPU
		{DC1E1AE5-3E3A-4923-8BCA-4674AC10CE62}.Debug|Any CPU.Build.0 = Debug|Any CPU
		{DC1E1AE5-3E3A-4923-8BCA-4674AC10CE62}.Debug|x64.ActiveCfg = Debug|Any CPU
		{DC1E1AE5-3E3A-4923-8BCA-4674AC10CE62}.Debug|x64.Build.0 = Debug|Any CPU
		{DC1E1AE5-3E3A-4923-8BCA-4674AC10CE62}.Debug|x86.ActiveCfg = Debug|Any CPU
		{DC1E1AE5-3E3A-4923-8BCA-4674AC10CE62}.Debug|x86.Build.0 = Debug|Any CPU
		{DC1E1AE5-3E3A-4923-8BCA-4674AC10CE62}.Release|Any CPU.ActiveCfg = Release|Any CPU
		{DC1E1AE5-3E3A-4923-8BCA-4674AC10CE62}.Release|Any CPU.Build.0 = Release|Any CPU
		{DC1E1AE5-3E3A-4923-8BCA-4674AC10CE62}.Release|x64.ActiveCfg = Release|Any CPU
		{DC1E1AE5-3E3A-4923-8BCA-4674AC10CE62}.Release|x64.Build.0 = Release|Any CPU
		{DC1E1AE5-3E3A-4923-8BCA-4674AC10CE62}.Release|x86.ActiveCfg = Release|Any CPU
		{DC1E1AE5-3E3A-4923-8BCA-4674AC10CE62}.Release|x86.Build.0 = Release|Any CPU
	EndGlobalSection
EndGlobal
